
Microsoft Visual Studio Solution File, Format Version 12.00
# Visual Studio Version 16
VisualStudioVersion = 16.0.30503.244
MinimumVisualStudioVersion = 10.0.40219.1
Project("{FAE04EC0-301F-11D3-BF4B-00C04F79EFBC}") = "SW9R50_week08", "SW9R50_week08\SW9R50_week08.csproj", "{7EC1F85B-E7AC-426F-B8B6-BBE9C88FF909}"
EndProject
Global
	GlobalSection(SolutionConfigurationPlatforms) = preSolution
		Debug|Any CPU = Debug|Any CPU
		Release|Any CPU = Release|Any CPU
	EndGlobalSection
	GlobalSection(ProjectConfigurationPlatforms) = postSolution
		{7EC1F85B-E7AC-426F-B8B6-BBE9C88FF909}.Debug|Any CPU.ActiveCfg = Debug|Any CPU
		{7EC1F85B-E7AC-426F-B8B6-BBE9C88FF909}.Debug|Any CPU.Build.0 = Debug|Any CPU
		{7EC1F85B-E7AC-426F-B8B6-BBE9C88FF909}.Release|Any CPU.ActiveCfg = Release|Any CPU
		{7EC1F85B-E7AC-426F-B8B6-BBE9C88FF909}.Release|Any CPU.Build.0 = Release|Any CPU
	EndGlobalSection
	GlobalSection(SolutionProperties) = preSolution
		HideSolutionNode = FALSE
	EndGlobalSection
	GlobalSection(ExtensibilityGlobals) = postSolution
		SolutionGuid = {E3B3CC58-437E-4A03-8C6F-D7BCEF74F21E}
	EndGlobalSection
EndGlobal
